hash: ab1c80ba2b7cf1871274cfcbbed5b3c1ff84dbb3c75d4b864b8e063e19b0c4b1
updated: 2016-07-07T12:04:36.455818695+09:00
imports:
- name: github.com/builderscon/slackbot
  version: bfdae96765562a9b72f5ed1b7b072c34685cbc24
  subpackages:
  - slacksub
- name: github.com/davecgh/go-spew
  version: 5215b55f46b2b919f50a1df0eaa5886afe4e3b3d
  subpackages:
  - spew
- name: github.com/golang/protobuf
  version: 3852dcfda249c2097355a6aabb199a28d97b30df
  subpackages:
  - proto
- name: github.com/lestrrat/go-cloud-acmeagent
  version: a888f73c388827ad2e7fbe9c99386ac0defb3cb6
  subpackages:
  - gcp
  - store
- name: github.com/lestrrat/go-jwx
  version: 3df54bafb1163732b92aab0d4e44b8f597f9410c
  subpackages:
  - jwk
  - jwa
  - jws
  - buffer
  - internal/emap
  - internal/debug
- name: github.com/lestrrat/go-pdebug
  version: a45b04725d5819f9f30fb68085be53b90a1d55f1
- name: github.com/nlopes/slack
  version: 4feee83bb2b31d790977ce727a028c6a542c72c7
- name: github.com/tent/http-link-go
  version: ac974c61c2f990f4115b119354b5e0b47550e888
- name: golang.org/x/net
  version: b400c2eff1badec7022a8c8f5bea058b6315eed7
  subpackages:
  - context
  - websocket
  - context/ctxhttp
  - http2
  - trace
  - http2/hpack
  - lex/httplex
  - internal/timeseries
- name: golang.org/x/oauth2
  version: 7357e96168422ba1e6e7f21075713b72d58764e7
  subpackages:
  - google
  - internal
  - jws
  - jwt
- name: google.golang.org/api
  version: c13a21ee847eca050f08db8373d8737494a1170e
  subpackages:
  - dns/v1
  - compute/v1
  - gensupport
  - googleapi
  - pubsub/v1
  - storage/v1
  - googleapi/internal/uritemplates
  - option
  - transport
  - internal
- name: google.golang.org/appengine
  version: 267c27e7492265b84fc6719503b14a1e17975d79
  subpackages:
  - urlfetch
  - internal
  - internal/app_identity
  - internal/modules
  - internal/urlfetch
  - internal/base
  - internal/datastore
  - internal/log
  - internal/remote_api
  - socket
  - internal/socket
- name: google.golang.org/cloud
  version: 65f8136589c3a2e1f45ab007380f7e3bbaf5dcec
  subpackages:
  - pubsub
  - storage
  - compute/metadata
  - internal
  - internal/transport
- name: google.golang.org/grpc
  version: 4f14d195bf76d2b7e8c1bd379549b88ffe5f4ee3
  subpackages:
  - codes
  - credentials
  - grpclog
  - internal
  - metadata
  - naming
  - transport
  - credentials/oauth
  - peer
devImports: []
